
Microsoft Visual Studio Solution File, Format Version 12.00
# Visual Studio 14
VisualStudioVersion = 14.0.23107.0
MinimumVisualStudioVersion = 10.0.40219.1
Project("{FAE04EC0-301F-11D3-BF4B-00C04F79EFBC}") = "Hangfire.SQLite", "Hangfire.SQLite\Hangfire.SQLite.csproj", "{CCF6BF9A-E26C-49CC-9409-6B113E8BCC3B}"
EndProject
Project("{FAE04EC0-301F-11D3-BF4B-00C04F79EFBC}") = "Hangfire.SQLite.Tests", "Hangfire.SQLite.Tests\Hangfire.SQLite.Tests.csproj", "{E80706D6-EE22-4636-9042-C0C86A4D190E}"
EndProject
Global
	GlobalSection(SolutionConfigurationPlatforms) = preSolution
		Debug|Any CPU = Debug|Any CPU
		Release|Any CPU = Release|Any CPU
	EndGlobalSection
	GlobalSection(ProjectConfigurationPlatforms) = postSolution
		{CCF6BF9A-E26C-49CC-9409-6B113E8BCC3B}.Debug|Any CPU.ActiveCfg = Debug|Any CPU
		{CCF6BF9A-E26C-49CC-9409-6B113E8BCC3B}.Debug|Any CPU.Build.0 = Debug|Any CPU
		{CCF6BF9A-E26C-49CC-9409-6B113E8BCC3B}.Release|Any CPU.ActiveCfg = Release|Any CPU
		{CCF6BF9A-E26C-49CC-9409-6B113E8BCC3B}.Release|Any CPU.Build.0 = Release|Any CPU
		{E80706D6-EE22-4636-9042-C0C86A4D190E}.Debug|Any CPU.ActiveCfg = Debug|Any CPU
		{E80706D6-EE22-4636-9042-C0C86A4D190E}.Debug|Any CPU.Build.0 = Debug|Any CPU
		{E80706D6-EE22-4636-9042-C0C86A4D190E}.Release|Any CPU.ActiveCfg = Release|Any CPU
		{E80706D6-EE22-4636-9042-C0C86A4D190E}.Release|Any CPU.Build.0 = Release|Any CPU
	EndGlobalSection
	GlobalSection(SolutionProperties) = preSolution
		HideSolutionNode = FALSE
	EndGlobalSection
EndGlobal
