
Microsoft Visual Studio Solution File, Format Version 12.00
# Visual Studio 2013
VisualStudioVersion = 12.0.31101.0
MinimumVisualStudioVersion = 10.0.40219.1
Project("{FAE04EC0-301F-11D3-BF4B-00C04F79EFBC}") = "Hangfire.Sqlite", "Hangfire.Sqlite\Hangfire.Sqlite.csproj", "{99F6E290-6CDC-400D-9B80-EC3A6695C725}"
EndProject
Project("{FAE04EC0-301F-11D3-BF4B-00C04F79EFBC}") = "Hangfire.Sqlite.Test", "Hangfire.Sqlite.Test\Hangfire.Sqlite.Test.csproj", "{E80706D6-EE22-4636-9042-C0C86A4D190E}"
EndProject
Global
	GlobalSection(SolutionConfigurationPlatforms) = preSolution
		Debug|Any CPU = Debug|Any CPU
		Release|Any CPU = Release|Any CPU
	EndGlobalSection
	GlobalSection(ProjectConfigurationPlatforms) = postSolution
		{99F6E290-6CDC-400D-9B80-EC3A6695C725}.Debug|Any CPU.ActiveCfg = Debug|Any CPU
		{99F6E290-6CDC-400D-9B80-EC3A6695C725}.Debug|Any CPU.Build.0 = Debug|Any CPU
		{99F6E290-6CDC-400D-9B80-EC3A6695C725}.Release|Any CPU.ActiveCfg = Release|Any CPU
		{99F6E290-6CDC-400D-9B80-EC3A6695C725}.Release|Any CPU.Build.0 = Release|Any CPU
		{E80706D6-EE22-4636-9042-C0C86A4D190E}.Debug|Any CPU.ActiveCfg = Debug|Any CPU
		{E80706D6-EE22-4636-9042-C0C86A4D190E}.Debug|Any CPU.Build.0 = Debug|Any CPU
		{E80706D6-EE22-4636-9042-C0C86A4D190E}.Release|Any CPU.ActiveCfg = Release|Any CPU
		{E80706D6-EE22-4636-9042-C0C86A4D190E}.Release|Any CPU.Build.0 = Release|Any CPU
	EndGlobalSection
	GlobalSection(SolutionProperties) = preSolution
		HideSolutionNode = FALSE
	EndGlobalSection
EndGlobal
